{
    "_meta": {
        "hash": {
            "sha256": "f6f1e17c9e76d1a78788f253172dea81a4e3983053d3c42401ad9ee4cad8a24a"
        },
        "pipfile-spec": 6,
        "requires": {
            "python_version": "3.8.7"
        },
        "sources": [
            {
                "name": "pypi",
                "url": "https://pypi.org/simple",
                "verify_ssl": true
            }
        ]
    },
    "default": {
        "awscrt": {
            "hashes": [
                "sha256:0e79f73d6740c2a1a63ada448c1b529252b96fa2b64131f51e91002e87efc2f3",
                "sha256:0f2ed6f69be819a1f5171e4757610ec5a4060eb93e3c2981432baed764061d67",
                "sha256:1dc2678de8700d34a1bbbc1e97c1f5647cc2b7e7ecceaa53bbe557928aa5e509",
                "sha256:1fe9cc8deda81d88bd055ba8cf11dad12cc1fab3b6682946b3c9bae6cdee6e3f",
                "sha256:1fed91cd3018a9c6fa078cd02f9b06374ca02c2501b488fae444608ebad44862",
                "sha256:3138d51da9b5d4ca1c276b692e2239b805b55cc2d0500d80159a3e8a54ba1bd8",
                "sha256:34ed4c2eda890053dbf21a4956bc5c885ec329a98aec00b6748353f666e9ccbc",
                "sha256:36856fbc92115b4fd738466a004b5f5d8a4a1574c188ab9591b93cbfc601ac75",
                "sha256:4384d69c7978a899d4c04ef833fd7f19710be74291ab890ddbadb812b89d1dbd",
                "sha256:52c4c42c0f1b3fc1507a6472525b23a9f0ed6a6e8549910f99ca312185cc6168",
                "sha256:5aef845ccc29f796721d555f2b2e65e9af2592214cb285ee369090d2312acf40",
                "sha256:65fa09ce78902319392bbb62991ddd3b33cebc0e3bbc81ad2c176072ab40de52",
                "sha256:6d675160f4fa7b2af1bbac0cb250f1c5436822683abb3ff4fd03219f455ce18f",
                "sha256:71ebbcaa10fddd2fc3cde5dc63753173760f1e28cd9547ea9e93840589347c00",
                "sha256:7567b82f08c0c46f6a7468ee6bee7357f999b8292173ea18cca8e9ca4def02be",
                "sha256:91dd55d37e6d107037ff80c938a2b6c5a36d4dd2ec2e682d04500a3731257cfe",
                "sha256:92fc3a752150f1777b395010e7cd625382dec55ec413dea1a1ede69f80adda30",
                "sha256:9ed793668c03b3855796dedc7243d8611b360c338852db0981de12f155ddf42d",
                "sha256:a8126ecae0169e3bf3dd7b31cf5af51b5dba2aa52c856519a55dcf0c29b0bfa6",
                "sha256:a99834733f192b3dd7b73b9b64793e504f5952e9ec6f99d9325447ef8beb705d",
                "sha256:ad355df13f38d7b494184f1748b585720aea84999bf86d20e947c33e9b8a456a",
                "sha256:b6389f9835da20f076434e4bcefdb9b2137947391623b188cd9d01e78c215c66",
                "sha256:ba3607f1e841801d6775baccac322ba481b53cc3cbc8d63764e07cfc8784ff64",
                "sha256:bf66da44c256fa06bc4ab03d75592a03deaa516276a45ebcc372c101db5e9932",
                "sha256:d1a0f360c1847c8fd2594d6976dfc3fa8d9318106bb2cb60eb9862d81d1440ae",
                "sha256:daff71c5f2ab243d903823ae6a5e36d5ef1b85a55b2d38eedd005acc2c782cce",
                "sha256:e01485ecdc3eae3fb667c82e6fa1616db85799bdf164f2d7ee0470321dc92170",
                "sha256:e9ab8b0cce4ac341477b0b16a23f9be5109ce4891fda150c1e0dcea916f0a5bb",
                "sha256:f17b78e97f75004146cfd4d213fec74cc285befb11d586a6cbea2a32c3fb7919",
                "sha256:f8880cef7e6b22a1de41ecc42c02b8710ffb66d27fa28e2fb42a14d29c90cde7",
                "sha256:ff331a5a4ccb23618f4b5c1c1fba77bba3ea4e618a8fd2da8b400aca5c47cc55"
            ],
            "markers": "python_version >= '3.6'",
            "version": "==0.12.0"
        },
        "awsiotsdk": {
            "hashes": [
                "sha256:dcc9f179c2a7da5dae0afb05c948e301d46c9b90ff91f339b90ca88eef7ea95a",
                "sha256:f1f298d48716f53080889072af51e1904ae9f179789ebf69ebee67b71a146a27"
            ],
            "index": "pypi",
            "version": "==1.7.0"
        }
    },
    "develop": {}
}
